
Microsoft Visual Studio Solution File, Format Version 12.00
# Visual Studio Version 16
VisualStudioVersion = 16.0.30413.136
MinimumVisualStudioVersion = 10.0.40219.1
Project("{FAE04EC0-301F-11D3-BF4B-00C04F79EFBC}") = "GifOptimizer", "GifOptimizer\GifOptimizer.csproj", "{B967F537-0D7D-40D9-A14C-3163F81585FB}"
EndProject
Global
	GlobalSection(SolutionConfigurationPlatforms) = preSolution
		Debug|Any CPU = Debug|Any CPU
		Release|Any CPU = Release|Any CPU
	EndGlobalSection
	GlobalSection(ProjectConfigurationPlatforms) = postSolution
		{B967F537-0D7D-40D9-A14C-3163F81585FB}.Debug|Any CPU.ActiveCfg = Debug|Any CPU
		{B967F537-0D7D-40D9-A14C-3163F81585FB}.Debug|Any CPU.Build.0 = Debug|Any CPU
		{B967F537-0D7D-40D9-A14C-3163F81585FB}.Release|Any CPU.ActiveCfg = Release|Any CPU
		{B967F537-0D7D-40D9-A14C-3163F81585FB}.Release|Any CPU.Build.0 = Release|Any CPU
	EndGlobalSection
	GlobalSection(SolutionProperties) = preSolution
		HideSolutionNode = FALSE
	EndGlobalSection
	GlobalSection(ExtensibilityGlobals) = postSolution
		SolutionGuid = {1939A8E3-7FBE-4DB9-958B-2B085C65E7A2}
	EndGlobalSection
EndGlobal
